
Microsoft Visual Studio Solution File, Format Version 12.00
# Visual Studio Version 17
VisualStudioVersion = 17.3.32825.248
MinimumVisualStudioVersion = 10.0.40219.1
Project("{FAE04EC0-301F-11D3-BF4B-00C04F79EFBC}") = "Ejercicio 9 Diferencia de dos numeros", "Ejercicio 9 Diferencia de dos numeros\Ejercicio 9 Diferencia de dos numeros.csproj", "{97CDE2DC-10AA-4D2F-8FEC-28F6E729D67B}"
EndProject
Global
	GlobalSection(SolutionConfigurationPlatforms) = preSolution
		Debug|Any CPU = Debug|Any CPU
		Release|Any CPU = Release|Any CPU
	EndGlobalSection
	GlobalSection(ProjectConfigurationPlatforms) = postSolution
		{97CDE2DC-10AA-4D2F-8FEC-28F6E729D67B}.Debug|Any CPU.ActiveCfg = Debug|Any CPU
		{97CDE2DC-10AA-4D2F-8FEC-28F6E729D67B}.Debug|Any CPU.Build.0 = Debug|Any CPU
		{97CDE2DC-10AA-4D2F-8FEC-28F6E729D67B}.Release|Any CPU.ActiveCfg = Release|Any CPU
		{97CDE2DC-10AA-4D2F-8FEC-28F6E729D67B}.Release|Any CPU.Build.0 = Release|Any CPU
	EndGlobalSection
	GlobalSection(SolutionProperties) = preSolution
		HideSolutionNode = FALSE
	EndGlobalSection
	GlobalSection(ExtensibilityGlobals) = postSolution
		SolutionGuid = {C5AF0D56-DFB8-4032-BE40-6BB2D8E4E0E6}
	EndGlobalSection
EndGlobal
